
Microsoft Visual Studio Solution File, Format Version 12.00
# Visual Studio Version 17
VisualStudioVersion = 17.13.35919.96
MinimumVisualStudioVersion = 10.0.40219.1
Project("{FAE04EC0-301F-11D3-BF4B-00C04F79EFBC}") = "ConsoleChatClient", "ConsoleChatClient\ConsoleChatClient.csproj", "{57315ECE-D8EA-46C3-9476-EE7E60C9A552}"
EndProject
Project("{FAE04EC0-301F-11D3-BF4B-00C04F79EFBC}") = "ConsoleChatServer", "ConsoleChatServer\ConsoleChatServer.csproj", "{21729670-E7D2-4C93-BC8B-94C26FF1E469}"
EndProject
Project("{FAE04EC0-301F-11D3-BF4B-00C04F79EFBC}") = "Shared", "Shared\Shared.csproj", "{B0B30D33-2C5A-4782-815E-7402D60D04A6}"
EndProject
Global
	GlobalSection(SolutionConfigurationPlatforms) = preSolution
		Debug|Any CPU = Debug|Any CPU
		Release|Any CPU = Release|Any CPU
	EndGlobalSection
	GlobalSection(ProjectConfigurationPlatforms) = postSolution
		{57315ECE-D8EA-46C3-9476-EE7E60C9A552}.Debug|Any CPU.ActiveCfg = Debug|Any CPU
		{57315ECE-D8EA-46C3-9476-EE7E60C9A552}.Debug|Any CPU.Build.0 = Debug|Any CPU
		{57315ECE-D8EA-46C3-9476-EE7E60C9A552}.Release|Any CPU.ActiveCfg = Release|Any CPU
		{57315ECE-D8EA-46C3-9476-EE7E60C9A552}.Release|Any CPU.Build.0 = Release|Any CPU
		{21729670-E7D2-4C93-BC8B-94C26FF1E469}.Debug|Any CPU.ActiveCfg = Debug|Any CPU
		{21729670-E7D2-4C93-BC8B-94C26FF1E469}.Debug|Any CPU.Build.0 = Debug|Any CPU
		{21729670-E7D2-4C93-BC8B-94C26FF1E469}.Release|Any CPU.ActiveCfg = Release|Any CPU
		{21729670-E7D2-4C93-BC8B-94C26FF1E469}.Release|Any CPU.Build.0 = Release|Any CPU
		{B0B30D33-2C5A-4782-815E-7402D60D04A6}.Debug|Any CPU.ActiveCfg = Debug|Any CPU
		{B0B30D33-2C5A-4782-815E-7402D60D04A6}.Debug|Any CPU.Build.0 = Debug|Any CPU
		{B0B30D33-2C5A-4782-815E-7402D60D04A6}.Release|Any CPU.ActiveCfg = Release|Any CPU
		{B0B30D33-2C5A-4782-815E-7402D60D04A6}.Release|Any CPU.Build.0 = Release|Any CPU
	EndGlobalSection
	GlobalSection(SolutionProperties) = preSolution
		HideSolutionNode = FALSE
	EndGlobalSection
	GlobalSection(ExtensibilityGlobals) = postSolution
		SolutionGuid = {6D8D2305-756D-446B-9274-3019F33268A5}
	EndGlobalSection
EndGlobal
